
Microsoft Visual Studio Solution File, Format Version 12.00
# Visual Studio Version 17
VisualStudioVersion = 17.5.33516.290
MinimumVisualStudioVersion = 10.0.40219.1
Project("{FAE04EC0-301F-11D3-BF4B-00C04F79EFBC}") = "Legatus", "Legatus.csproj", "{1BD0ABF5-1695-49A9-8145-22870CFFEF5B}"
EndProject
Global
	GlobalSection(SolutionConfigurationPlatforms) = preSolution
		Debug|Any CPU = Debug|Any CPU
		Release|Any CPU = Release|Any CPU
	EndGlobalSection
	GlobalSection(ProjectConfigurationPlatforms) = postSolution
		{1BD0ABF5-1695-49A9-8145-22870CFFEF5B}.Debug|Any CPU.ActiveCfg = Debug|Any CPU
		{1BD0ABF5-1695-49A9-8145-22870CFFEF5B}.Debug|Any CPU.Build.0 = Debug|Any CPU
		{1BD0ABF5-1695-49A9-8145-22870CFFEF5B}.Release|Any CPU.ActiveCfg = Release|Any CPU
		{1BD0ABF5-1695-49A9-8145-22870CFFEF5B}.Release|Any CPU.Build.0 = Release|Any CPU
	EndGlobalSection
	GlobalSection(SolutionProperties) = preSolution
		HideSolutionNode = FALSE
	EndGlobalSection
	GlobalSection(ExtensibilityGlobals) = postSolution
		SolutionGuid = {5D22A01F-F3E6-419B-A5D2-D05001D1E5F9}
	EndGlobalSection
EndGlobal
